
Microsoft Visual Studio Solution File, Format Version 12.00
# Visual Studio Version 16
VisualStudioVersion = 16.0.29613.14
MinimumVisualStudioVersion = 10.0.40219.1
Project("{FAE04EC0-301F-11D3-BF4B-00C04F79EFBC}") = "medexnet", "medexnet\medexnet.csproj", "{A409A7A9-7A2E-4426-BD9E-CFEDAF643D51}"
EndProject
Global
	GlobalSection(SolutionConfigurationPlatforms) = preSolution
		Debug|Any CPU = Debug|Any CPU
		Release|Any CPU = Release|Any CPU
	EndGlobalSection
	GlobalSection(ProjectConfigurationPlatforms) = postSolution
		{A409A7A9-7A2E-4426-BD9E-CFEDAF643D51}.Debug|Any CPU.ActiveCfg = Debug|Any CPU
		{A409A7A9-7A2E-4426-BD9E-CFEDAF643D51}.Debug|Any CPU.Build.0 = Debug|Any CPU
		{A409A7A9-7A2E-4426-BD9E-CFEDAF643D51}.Release|Any CPU.ActiveCfg = Release|Any CPU
		{A409A7A9-7A2E-4426-BD9E-CFEDAF643D51}.Release|Any CPU.Build.0 = Release|Any CPU
	EndGlobalSection
	GlobalSection(SolutionProperties) = preSolution
		HideSolutionNode = FALSE
	EndGlobalSection
	GlobalSection(ExtensibilityGlobals) = postSolution
		SolutionGuid = {1629CC2A-7ED3-4896-B46E-B3725EEA883D}
	EndGlobalSection
EndGlobal
